
Microsoft Visual Studio Solution File, Format Version 12.00
# Visual Studio Version 17
VisualStudioVersion = 17.10.34916.146
MinimumVisualStudioVersion = 10.0.40219.1
Project("{FAE04EC0-301F-11D3-BF4B-00C04F79EFBC}") = "Johan_Modul7", "Johan_Modul7.csproj", "{4C7C9542-81F0-4B17-BF5E-8675A8FE87D6}"
EndProject
Global
	GlobalSection(SolutionConfigurationPlatforms) = preSolution
		Debug|Any CPU = Debug|Any CPU
		Release|Any CPU = Release|Any CPU
	EndGlobalSection
	GlobalSection(ProjectConfigurationPlatforms) = postSolution
		{4C7C9542-81F0-4B17-BF5E-8675A8FE87D6}.Debug|Any CPU.ActiveCfg = Debug|Any CPU
		{4C7C9542-81F0-4B17-BF5E-8675A8FE87D6}.Debug|Any CPU.Build.0 = Debug|Any CPU
		{4C7C9542-81F0-4B17-BF5E-8675A8FE87D6}.Release|Any CPU.ActiveCfg = Release|Any CPU
		{4C7C9542-81F0-4B17-BF5E-8675A8FE87D6}.Release|Any CPU.Build.0 = Release|Any CPU
	EndGlobalSection
	GlobalSection(SolutionProperties) = preSolution
		HideSolutionNode = FALSE
	EndGlobalSection
	GlobalSection(ExtensibilityGlobals) = postSolution
		SolutionGuid = {BF820E2E-C1C0-435C-A2C3-CA44C4E04780}
	EndGlobalSection
EndGlobal
